
Microsoft Visual Studio Solution File, Format Version 12.00
# Visual Studio Version 17
VisualStudioVersion = 17.1.32421.90
MinimumVisualStudioVersion = 10.0.40219.1
Project("{2150E333-8FDC-42A3-9474-1A3956D46DE8}") = "src", "src", "{EED6F196-F172-4826-BCC2-B310F45F7607}"
EndProject
Project("{2150E333-8FDC-42A3-9474-1A3956D46DE8}") = "NewFolder1", "NewFolder1", "{D077BD03-05A2-40BE-8D65-94EDD6FB751F}"
EndProject
Project("{FAE04EC0-301F-11D3-BF4B-00C04F79EFBC}") = "guide.functions", "guide.functions\guide.functions.csproj", "{BBEB6F19-6AAB-4F02-864A-878622BACDE8}"
EndProject
Project("{2150E333-8FDC-42A3-9474-1A3956D46DE8}") = "Core", "Core", "{E244A436-4926-4C47-A613-F7BFE4EF8400}"
EndProject
Project("{2150E333-8FDC-42A3-9474-1A3956D46DE8}") = "Infrastructure", "Infrastructure", "{85778A4E-4751-4D0A-AD52-D6366079FCA7}"
EndProject
Project("{2150E333-8FDC-42A3-9474-1A3956D46DE8}") = "Presentation", "Presentation", "{013BC465-A7E5-4D01-9ED1-D3C86022081E}"
EndProject
Project("{2150E333-8FDC-42A3-9474-1A3956D46DE8}") = "Guide", "Guide", "{8C8BBF60-C510-49C3-97EE-E42E7CB47455}"
EndProject
Project("{2150E333-8FDC-42A3-9474-1A3956D46DE8}") = "Book", "Book", "{52E02E49-7A3E-4047-A5DD-B4074D78AA04}"
EndProject
Project("{2150E333-8FDC-42A3-9474-1A3956D46DE8}") = "Report", "Report", "{16314AF7-E443-483A-86DF-D0804417884C}"
EndProject
Project("{2150E333-8FDC-42A3-9474-1A3956D46DE8}") = "Core", "Core", "{101FA776-78A4-4374-93F7-F0E60A06DDD4}"
EndProject
Project("{2150E333-8FDC-42A3-9474-1A3956D46DE8}") = "Infrastructure", "Infrastructure", "{A6DA967E-6DA4-47B1-976E-A28CBEB39698}"
EndProject
Project("{2150E333-8FDC-42A3-9474-1A3956D46DE8}") = "Presentation", "Presentation", "{E147380A-6883-44E0-87D3-359F5C7C6C15}"
EndProject
Project("{FAE04EC0-301F-11D3-BF4B-00C04F79EFBC}") = "Guide.Book.Domain", "src\Guide\Book\Core\Guide.Book.Domain\Guide.Book.Domain.csproj", "{C8F67BD3-45AA-4EBD-85A6-E33A9B5E16E5}"
EndProject
Project("{FAE04EC0-301F-11D3-BF4B-00C04F79EFBC}") = "Guide.Book.Application", "src\Guide\Book\Core\Guide.Book.Application\Guide.Book.Application.csproj", "{E6FD9B75-540F-4D48-AFEC-9D3C53BBEEA6}"
EndProject
Project("{FAE04EC0-301F-11D3-BF4B-00C04F79EFBC}") = "Guide.Book.Data", "src\Guide\Book\Infrastructure\Guide.Book.Data\Guide.Book.Data.csproj", "{4E0356A1-4C9B-4D60-AD19-1EDB6D098C5A}"
EndProject
Project("{FAE04EC0-301F-11D3-BF4B-00C04F79EFBC}") = "Guide.Book.Api", "src\Guide\Book\Presentation\Guide.Book.Api\Guide.Book.Api.csproj", "{1760793A-1D6E-44CD-ADCC-8C76A09912A8}"
EndProject
Project("{FAE04EC0-301F-11D3-BF4B-00C04F79EFBC}") = "Guide.Report.Domain", "src\Guide\Report\Core\Guide.Report.Domain\Guide.Report.Domain.csproj", "{AADA308B-8CA3-47D1-99E5-7F29AE44C521}"
EndProject
Project("{FAE04EC0-301F-11D3-BF4B-00C04F79EFBC}") = "Guide.Report.Application", "src\Guide\Report\Core\Guide.Report.Application\Guide.Report.Application.csproj", "{6F472AE1-5E97-42B8-B0A7-CEE0F5B4C52F}"
EndProject
Project("{FAE04EC0-301F-11D3-BF4B-00C04F79EFBC}") = "Guide.Report.Data", "src\Guide\Report\Infrastructure\Guide.Report.Data\Guide.Report.Data.csproj", "{FDB137C3-BD2B-4540-9144-C5243A730198}"
EndProject
Project("{FAE04EC0-301F-11D3-BF4B-00C04F79EFBC}") = "Guide.Report.Api", "src\Guide\Report\Presentation\Guide.Report.Api\Guide.Report.Api.csproj", "{104238F3-3C3F-48E9-90A8-06CCC3682B1E}"
EndProject
Global
	GlobalSection(SolutionConfigurationPlatforms) = preSolution
		Debug|Any CPU = Debug|Any CPU
		Release|Any CPU = Release|Any CPU
	EndGlobalSection
	GlobalSection(ProjectConfigurationPlatforms) = postSolution
		{BBEB6F19-6AAB-4F02-864A-878622BACDE8}.Debug|Any CPU.ActiveCfg = Debug|Any CPU
		{BBEB6F19-6AAB-4F02-864A-878622BACDE8}.Debug|Any CPU.Build.0 = Debug|Any CPU
		{BBEB6F19-6AAB-4F02-864A-878622BACDE8}.Release|Any CPU.ActiveCfg = Release|Any CPU
		{BBEB6F19-6AAB-4F02-864A-878622BACDE8}.Release|Any CPU.Build.0 = Release|Any CPU
		{C8F67BD3-45AA-4EBD-85A6-E33A9B5E16E5}.Debug|Any CPU.ActiveCfg = Debug|Any CPU
		{C8F67BD3-45AA-4EBD-85A6-E33A9B5E16E5}.Debug|Any CPU.Build.0 = Debug|Any CPU
		{C8F67BD3-45AA-4EBD-85A6-E33A9B5E16E5}.Release|Any CPU.ActiveCfg = Release|Any CPU
		{C8F67BD3-45AA-4EBD-85A6-E33A9B5E16E5}.Release|Any CPU.Build.0 = Release|Any CPU
		{E6FD9B75-540F-4D48-AFEC-9D3C53BBEEA6}.Debug|Any CPU.ActiveCfg = Debug|Any CPU
		{E6FD9B75-540F-4D48-AFEC-9D3C53BBEEA6}.Debug|Any CPU.Build.0 = Debug|Any CPU
		{E6FD9B75-540F-4D48-AFEC-9D3C53BBEEA6}.Release|Any CPU.ActiveCfg = Release|Any CPU
		{E6FD9B75-540F-4D48-AFEC-9D3C53BBEEA6}.Release|Any CPU.Build.0 = Release|Any CPU
		{4E0356A1-4C9B-4D60-AD19-1EDB6D098C5A}.Debug|Any CPU.ActiveCfg = Debug|Any CPU
		{4E0356A1-4C9B-4D60-AD19-1EDB6D098C5A}.Debug|Any CPU.Build.0 = Debug|Any CPU
		{4E0356A1-4C9B-4D60-AD19-1EDB6D098C5A}.Release|Any CPU.ActiveCfg = Release|Any CPU
		{4E0356A1-4C9B-4D60-AD19-1EDB6D098C5A}.Release|Any CPU.Build.0 = Release|Any CPU
		{1760793A-1D6E-44CD-ADCC-8C76A09912A8}.Debug|Any CPU.ActiveCfg = Debug|Any CPU
		{1760793A-1D6E-44CD-ADCC-8C76A09912A8}.Debug|Any CPU.Build.0 = Debug|Any CPU
		{1760793A-1D6E-44CD-ADCC-8C76A09912A8}.Release|Any CPU.ActiveCfg = Release|Any CPU
		{1760793A-1D6E-44CD-ADCC-8C76A09912A8}.Release|Any CPU.Build.0 = Release|Any CPU
		{AADA308B-8CA3-47D1-99E5-7F29AE44C521}.Debug|Any CPU.ActiveCfg = Debug|Any CPU
		{AADA308B-8CA3-47D1-99E5-7F29AE44C521}.Debug|Any CPU.Build.0 = Debug|Any CPU
		{AADA308B-8CA3-47D1-99E5-7F29AE44C521}.Release|Any CPU.ActiveCfg = Release|Any CPU
		{AADA308B-8CA3-47D1-99E5-7F29AE44C521}.Release|Any CPU.Build.0 = Release|Any CPU
		{6F472AE1-5E97-42B8-B0A7-CEE0F5B4C52F}.Debug|Any CPU.ActiveCfg = Debug|Any CPU
		{6F472AE1-5E97-42B8-B0A7-CEE0F5B4C52F}.Debug|Any CPU.Build.0 = Debug|Any CPU
		{6F472AE1-5E97-42B8-B0A7-CEE0F5B4C52F}.Release|Any CPU.ActiveCfg = Release|Any CPU
		{6F472AE1-5E97-42B8-B0A7-CEE0F5B4C52F}.Release|Any CPU.Build.0 = Release|Any CPU
		{FDB137C3-BD2B-4540-9144-C5243A730198}.Debug|Any CPU.ActiveCfg = Debug|Any CPU
		{FDB137C3-BD2B-4540-9144-C5243A730198}.Debug|Any CPU.Build.0 = Debug|Any CPU
		{FDB137C3-BD2B-4540-9144-C5243A730198}.Release|Any CPU.ActiveCfg = Release|Any CPU
		{FDB137C3-BD2B-4540-9144-C5243A730198}.Release|Any CPU.Build.0 = Release|Any CPU
		{104238F3-3C3F-48E9-90A8-06CCC3682B1E}.Debug|Any CPU.ActiveCfg = Debug|Any CPU
		{104238F3-3C3F-48E9-90A8-06CCC3682B1E}.Debug|Any CPU.Build.0 = Debug|Any CPU
		{104238F3-3C3F-48E9-90A8-06CCC3682B1E}.Release|Any CPU.ActiveCfg = Release|Any CPU
		{104238F3-3C3F-48E9-90A8-06CCC3682B1E}.Release|Any CPU.Build.0 = Release|Any CPU
	EndGlobalSection
	GlobalSection(SolutionProperties) = preSolution
		HideSolutionNode = FALSE
	EndGlobalSection
	GlobalSection(NestedProjects) = preSolution
		{D077BD03-05A2-40BE-8D65-94EDD6FB751F} = {EED6F196-F172-4826-BCC2-B310F45F7607}
		{BBEB6F19-6AAB-4F02-864A-878622BACDE8} = {D077BD03-05A2-40BE-8D65-94EDD6FB751F}
		{E244A436-4926-4C47-A613-F7BFE4EF8400} = {52E02E49-7A3E-4047-A5DD-B4074D78AA04}
		{85778A4E-4751-4D0A-AD52-D6366079FCA7} = {52E02E49-7A3E-4047-A5DD-B4074D78AA04}
		{013BC465-A7E5-4D01-9ED1-D3C86022081E} = {52E02E49-7A3E-4047-A5DD-B4074D78AA04}
		{8C8BBF60-C510-49C3-97EE-E42E7CB47455} = {EED6F196-F172-4826-BCC2-B310F45F7607}
		{52E02E49-7A3E-4047-A5DD-B4074D78AA04} = {8C8BBF60-C510-49C3-97EE-E42E7CB47455}
		{16314AF7-E443-483A-86DF-D0804417884C} = {8C8BBF60-C510-49C3-97EE-E42E7CB47455}
		{101FA776-78A4-4374-93F7-F0E60A06DDD4} = {16314AF7-E443-483A-86DF-D0804417884C}
		{A6DA967E-6DA4-47B1-976E-A28CBEB39698} = {16314AF7-E443-483A-86DF-D0804417884C}
		{E147380A-6883-44E0-87D3-359F5C7C6C15} = {16314AF7-E443-483A-86DF-D0804417884C}
		{C8F67BD3-45AA-4EBD-85A6-E33A9B5E16E5} = {E244A436-4926-4C47-A613-F7BFE4EF8400}
		{E6FD9B75-540F-4D48-AFEC-9D3C53BBEEA6} = {E244A436-4926-4C47-A613-F7BFE4EF8400}
		{4E0356A1-4C9B-4D60-AD19-1EDB6D098C5A} = {85778A4E-4751-4D0A-AD52-D6366079FCA7}
		{1760793A-1D6E-44CD-ADCC-8C76A09912A8} = {013BC465-A7E5-4D01-9ED1-D3C86022081E}
		{AADA308B-8CA3-47D1-99E5-7F29AE44C521} = {101FA776-78A4-4374-93F7-F0E60A06DDD4}
		{6F472AE1-5E97-42B8-B0A7-CEE0F5B4C52F} = {101FA776-78A4-4374-93F7-F0E60A06DDD4}
		{FDB137C3-BD2B-4540-9144-C5243A730198} = {A6DA967E-6DA4-47B1-976E-A28CBEB39698}
		{104238F3-3C3F-48E9-90A8-06CCC3682B1E} = {E147380A-6883-44E0-87D3-359F5C7C6C15}
	EndGlobalSection
	GlobalSection(ExtensibilityGlobals) = postSolution
		SolutionGuid = {E862C5DB-33E7-4FC3-8B4F-CA9CCE531C56}
	EndGlobalSection
EndGlobal
